// !$*UTF8*$!
{
	archiveVersion = 1;
	classes = {
	};
	objectVersion = 56;
	objects = {

/* Begin PBXBuildFile section */
		08B0ED322988521C00F24DA3 /* AppDelegate.swift in Sources */ = {isa = PBXBuildFile; fileRef = 08B0ED312988521C00F24DA3 /* AppDelegate.swift */; };
		08B0ED342988521C00F24DA3 /* SceneDelegate.swift in Sources */ = {isa = PBXBuildFile; fileRef = 08B0ED332988521C00F24DA3 /* SceneDelegate.swift */; };
		08B0ED362988521C00F24DA3 /* ViewController.swift in Sources */ = {isa = PBXBuildFile; fileRef = 08B0ED352988521C00F24DA3 /* ViewController.swift */; };
		08B0ED392988521C00F24DA3 /* Main.storyboard in Resources */ = {isa = PBXBuildFile; fileRef = 08B0ED372988521C00F24DA3 /* Main.storyboard */; };
		08B0ED3B2988521D00F24DA3 /* Assets.xcassets in Resources */ = {isa = PBXBuildFile; fileRef = 08B0ED3A2988521D00F24DA3 /* Assets.xcassets */; };
		08B0ED3E2988521D00F24DA3 /* LaunchScreen.storyboard in Resources */ = {isa = PBXBuildFile; fileRef = 08B0ED3C2988521D00F24DA3 /* LaunchScreen.storyboard */; };
		08B0ED492988521D00F24DA3 /* testTests.swift in Sources */ = {isa = PBXBuildFile; fileRef = 08B0ED482988521D00F24DA3 /* testTests.swift */; };
		08B0ED532988521D00F24DA3 /* testUITests.swift in Sources */ = {isa = PBXBuildFile; fileRef = 08B0ED522988521D00F24DA3 /* testUITests.swift */; };
		08B0ED552988521D00F24DA3 /* testUITestsLaunchTests.swift in Sources */ = {isa = PBXBuildFile; fileRef = 08B0ED542988521D00F24DA3 /* testUITestsLaunchTests.swift */; };
		08B0ED64298869FA00F24DA3 /* template.docx in Resources */ = {isa = PBXBuildFile; fileRef = 08B0ED63298869FA00F24DA3 /* template.docx */; };
		7166DA596D69093813A0100C /* Pods_test.framework in Frameworks */ = {isa = PBXBuildFile; fileRef = 78C5CD948E0459F226F1E2A3 /* Pods_test.framework */; };
		BE0F15F72AF1608700082AEF /* Arial.ttf in Resources */ = {isa = PBXBuildFile; fileRef = BE0F15F92AF1608700082AEF /* Arial.ttf */; };
		BE0F15FD2AF3E6F200082AEF /* peppers.jpg in Resources */ = {isa = PBXBuildFile; fileRef = BE0F15FC2AF3E6F200082AEF /* peppers.jpg */; };
		BE4683C92B0E9540001C699F /* CrashingPdfTronService.swift in Sources */ = {isa = PBXBuildFile; fileRef = BE4683C82B0E9540001C699F /* CrashingPdfTronService.swift */; };
		E1BF3F407FAE4E1E43BA0E70 /* Pods_testTests.framework in Frameworks */ = {isa = PBXBuildFile; fileRef = FB5F571446E37EF357DF3779 /* Pods_testTests.framework */; };
		E752675B5F7ABEDCE55CFBD1 /* Pods_test_testUITests.framework in Frameworks */ = {isa = PBXBuildFile; fileRef = 0E945A658FF2F76F0B66E821 /* Pods_test_testUITests.framework */; };
/* End PBXBuildFile section */

/* Begin PBXContainerItemProxy section */
		08B0ED452988521D00F24DA3 /* PBXContainerItemProxy */ = {
			isa = PBXContainerItemProxy;
			containerPortal = 08B0ED262988521C00F24DA3 /* Project object */;
			proxyType = 1;
			remoteGlobalIDString = 08B0ED2D2988521C00F24DA3;
			remoteInfo = test;
		};
		08B0ED4F2988521D00F24DA3 /* PBXContainerItemProxy */ = {
			isa = PBXContainerItemProxy;
			containerPortal = 08B0ED262988521C00F24DA3 /* Project object */;
			proxyType = 1;
			remoteGlobalIDString = 08B0ED2D2988521C00F24DA3;
			remoteInfo = test;
		};
/* End PBXContainerItemProxy section */

/* Begin PBXFileReference section */
		08B0ED2E2988521C00F24DA3 /* test.app */ = {isa = PBXFileReference; explicitFileType = wrapper.application; includeInIndex = 0; path = test.app; sourceTree = BUILT_PRODUCTS_DIR; };
		08B0ED312988521C00F24DA3 /* AppDelegate.swift */ = {isa = PBXFileReference; lastKnownFileType = sourcecode.swift; path = AppDelegate.swift; sourceTree = "<group>"; };
		08B0ED332988521C00F24DA3 /* SceneDelegate.swift */ = {isa = PBXFileReference; lastKnownFileType = sourcecode.swift; path = SceneDelegate.swift; sourceTree = "<group>"; };
		08B0ED352988521C00F24DA3 /* ViewController.swift */ = {isa = PBXFileReference; lastKnownFileType = sourcecode.swift; path = ViewController.swift; sourceTree = "<group>"; };
		08B0ED382988521C00F24DA3 /* Base */ = {isa = PBXFileReference; lastKnownFileType = file.storyboard; name = Base; path = Base.lproj/Main.storyboard; sourceTree = "<group>"; };
		08B0ED3A2988521D00F24DA3 /* Assets.xcassets */ = {isa = PBXFileReference; lastKnownFileType = folder.assetcatalog; path = Assets.xcassets; sourceTree = "<group>"; };
		08B0ED3D2988521D00F24DA3 /* Base */ = {isa = PBXFileReference; lastKnownFileType = file.storyboard; name = Base; path = Base.lproj/LaunchScreen.storyboard; sourceTree = "<group>"; };
		08B0ED3F2988521D00F24DA3 /* Info.plist */ = {isa = PBXFileReference; lastKnownFileType = text.plist.xml; path = Info.plist; sourceTree = "<group>"; };
		08B0ED442988521D00F24DA3 /* testTests.xctest */ = {isa = PBXFileReference; explicitFileType = wrapper.cfbundle; includeInIndex = 0; path = testTests.xctest; sourceTree = BUILT_PRODUCTS_DIR; };
		08B0ED482988521D00F24DA3 /* testTests.swift */ = {isa = PBXFileReference; lastKnownFileType = sourcecode.swift; path = testTests.swift; sourceTree = "<group>"; };
		08B0ED4E2988521D00F24DA3 /* testUITests.xctest */ = {isa = PBXFileReference; explicitFileType = wrapper.cfbundle; includeInIndex = 0; path = testUITests.xctest; sourceTree = BUILT_PRODUCTS_DIR; };
		08B0ED522988521D00F24DA3 /* testUITests.swift */ = {isa = PBXFileReference; lastKnownFileType = sourcecode.swift; path = testUITests.swift; sourceTree = "<group>"; };
		08B0ED542988521D00F24DA3 /* testUITestsLaunchTests.swift */ = {isa = PBXFileReference; lastKnownFileType = sourcecode.swift; path = testUITestsLaunchTests.swift; sourceTree = "<group>"; };
		08B0ED63298869FA00F24DA3 /* template.docx */ = {isa = PBXFileReference; lastKnownFileType = file; path = template.docx; sourceTree = "<group>"; };
		0E945A658FF2F76F0B66E821 /* Pods_test_testUITests.framework */ = {isa = PBXFileReference; explicitFileType = wrapper.framework; includeInIndex = 0; path = Pods_test_testUITests.framework; sourceTree = BUILT_PRODUCTS_DIR; };
		3BF78ED809F2F39F60E6AE99 /* Pods-test-testUITests.release.xcconfig */ = {isa = PBXFileReference; includeInIndex = 1; lastKnownFileType = text.xcconfig; name = "Pods-test-testUITests.release.xcconfig"; path = "Target Support Files/Pods-test-testUITests/Pods-test-testUITests.release.xcconfig"; sourceTree = "<group>"; };
		44CAD2CE87A13397B80AE206 /* Pods-test.release.xcconfig */ = {isa = PBXFileReference; includeInIndex = 1; lastKnownFileType = text.xcconfig; name = "Pods-test.release.xcconfig"; path = "Target Support Files/Pods-test/Pods-test.release.xcconfig"; sourceTree = "<group>"; };
		50C784B0C7D9372677B23B61 /* Pods-test.debug.xcconfig */ = {isa = PBXFileReference; includeInIndex = 1; lastKnownFileType = text.xcconfig; name = "Pods-test.debug.xcconfig"; path = "Target Support Files/Pods-test/Pods-test.debug.xcconfig"; sourceTree = "<group>"; };
		72E6E1BA2DF9A8FC2AA4760E /* Pods-test-testUITests.debug.xcconfig */ = {isa = PBXFileReference; includeInIndex = 1; lastKnownFileType = text.xcconfig; name = "Pods-test-testUITests.debug.xcconfig"; path = "Target Support Files/Pods-test-testUITests/Pods-test-testUITests.debug.xcconfig"; sourceTree = "<group>"; };
		78C5CD948E0459F226F1E2A3 /* Pods_test.framework */ = {isa = PBXFileReference; explicitFileType = wrapper.framework; includeInIndex = 0; path = Pods_test.framework; sourceTree = BUILT_PRODUCTS_DIR; };
		8C74F33284E3CCD7FE06894F /* Pods-testTests.debug.xcconfig */ = {isa = PBXFileReference; includeInIndex = 1; lastKnownFileType = text.xcconfig; name = "Pods-testTests.debug.xcconfig"; path = "Target Support Files/Pods-testTests/Pods-testTests.debug.xcconfig"; sourceTree = "<group>"; };
		BB6FCD3071C0E99B5B913AA3 /* Pods-testTests.release.xcconfig */ = {isa = PBXFileReference; includeInIndex = 1; lastKnownFileType = text.xcconfig; name = "Pods-testTests.release.xcconfig"; path = "Target Support Files/Pods-testTests/Pods-testTests.release.xcconfig"; sourceTree = "<group>"; };
		BE0F15F82AF1608700082AEF /* en */ = {isa = PBXFileReference; lastKnownFileType = file; name = en; path = en.lproj/Arial.ttf; sourceTree = "<group>"; };
		BE0F15FC2AF3E6F200082AEF /* peppers.jpg */ = {isa = PBXFileReference; lastKnownFileType = image.jpeg; name = peppers.jpg; path = test/peppers.jpg; sourceTree = "<group>"; };
		BE4683C82B0E9540001C699F /* CrashingPdfTronService.swift */ = {isa = PBXFileReference; lastKnownFileType = sourcecode.swift; path = CrashingPdfTronService.swift; sourceTree = "<group>"; };
		FB5F571446E37EF357DF3779 /* Pods_testTests.framework */ = {isa = PBXFileReference; explicitFileType = wrapper.framework; includeInIndex = 0; path = Pods_testTests.framework; sourceTree = BUILT_PRODUCTS_DIR; };
/* End PBXFileReference section */

/* Begin PBXFrameworksBuildPhase section */
		08B0ED2B2988521C00F24DA3 /* Frameworks */ = {
			isa = PBXFrameworksBuildPhase;
			buildActionMask = 2147483647;
			files = (
				7166DA596D69093813A0100C /* Pods_test.framework in Frameworks */,
			);
			runOnlyForDeploymentPostprocessing = 0;
		};
		08B0ED412988521D00F24DA3 /* Frameworks */ = {
			isa = PBXFrameworksBuildPhase;
			buildActionMask = 2147483647;
			files = (
				E1BF3F407FAE4E1E43BA0E70 /* Pods_testTests.framework in Frameworks */,
			);
			runOnlyForDeploymentPostprocessing = 0;
		};
		08B0ED4B2988521D00F24DA3 /* Frameworks */ = {
			isa = PBXFrameworksBuildPhase;
			buildActionMask = 2147483647;
			files = (
				E752675B5F7ABEDCE55CFBD1 /* Pods_test_testUITests.framework in Frameworks */,
			);
			runOnlyForDeploymentPostprocessing = 0;
		};
/* End PBXFrameworksBuildPhase section */

/* Begin PBXGroup section */
		022F0FF48D26357ED605C7EB /* Pods */ = {
			isa = PBXGroup;
			children = (
				50C784B0C7D9372677B23B61 /* Pods-test.debug.xcconfig */,
				44CAD2CE87A13397B80AE206 /* Pods-test.release.xcconfig */,
				72E6E1BA2DF9A8FC2AA4760E /* Pods-test-testUITests.debug.xcconfig */,
				3BF78ED809F2F39F60E6AE99 /* Pods-test-testUITests.release.xcconfig */,
				8C74F33284E3CCD7FE06894F /* Pods-testTests.debug.xcconfig */,
				BB6FCD3071C0E99B5B913AA3 /* Pods-testTests.release.xcconfig */,
			);
			path = Pods;
			sourceTree = "<group>";
		};
		08B0ED252988521C00F24DA3 = {
			isa = PBXGroup;
			children = (
				BE0F15FC2AF3E6F200082AEF /* peppers.jpg */,
				08B0ED302988521C00F24DA3 /* test */,
				08B0ED472988521D00F24DA3 /* testTests */,
				08B0ED512988521D00F24DA3 /* testUITests */,
				08B0ED2F2988521C00F24DA3 /* Products */,
				022F0FF48D26357ED605C7EB /* Pods */,
				8042819A8BE3999DA49A60E3 /* Frameworks */,
			);
			sourceTree = "<group>";
		};
		08B0ED2F2988521C00F24DA3 /* Products */ = {
			isa = PBXGroup;
			children = (
				08B0ED2E2988521C00F24DA3 /* test.app */,
				08B0ED442988521D00F24DA3 /* testTests.xctest */,
				08B0ED4E2988521D00F24DA3 /* testUITests.xctest */,
			);
			name = Products;
			sourceTree = "<group>";
		};
		08B0ED302988521C00F24DA3 /* test */ = {
			isa = PBXGroup;
			children = (
				08B0ED63298869FA00F24DA3 /* template.docx */,
				08B0ED312988521C00F24DA3 /* AppDelegate.swift */,
				08B0ED332988521C00F24DA3 /* SceneDelegate.swift */,
				08B0ED352988521C00F24DA3 /* ViewController.swift */,
				08B0ED372988521C00F24DA3 /* Main.storyboard */,
				08B0ED3A2988521D00F24DA3 /* Assets.xcassets */,
				08B0ED3C2988521D00F24DA3 /* LaunchScreen.storyboard */,
				08B0ED3F2988521D00F24DA3 /* Info.plist */,
				BE0F15F92AF1608700082AEF /* Arial.ttf */,
				BE4683C82B0E9540001C699F /* CrashingPdfTronService.swift */,
			);
			path = test;
			sourceTree = "<group>";
		};
		08B0ED472988521D00F24DA3 /* testTests */ = {
			isa = PBXGroup;
			children = (
				08B0ED482988521D00F24DA3 /* testTests.swift */,
			);
			path = testTests;
			sourceTree = "<group>";
		};
		08B0ED512988521D00F24DA3 /* testUITests */ = {
			isa = PBXGroup;
			children = (
				08B0ED522988521D00F24DA3 /* testUITests.swift */,
				08B0ED542988521D00F24DA3 /* testUITestsLaunchTests.swift */,
			);
			path = testUITests;
			sourceTree = "<group>";
		};
		8042819A8BE3999DA49A60E3 /* Frameworks */ = {
			isa = PBXGroup;
			children = (
				78C5CD948E0459F226F1E2A3 /* Pods_test.framework */,
				0E945A658FF2F76F0B66E821 /* Pods_test_testUITests.framework */,
				FB5F571446E37EF357DF3779 /* Pods_testTests.framework */,
			);
			name = Frameworks;
			sourceTree = "<group>";
		};
/* End PBXGroup section */

/* Begin PBXNativeTarget section */
		08B0ED2D2988521C00F24DA3 /* test */ = {
			isa = PBXNativeTarget;
			buildConfigurationList = 08B0ED582988521D00F24DA3 /* Build configuration list for PBXNativeTarget "test" */;
			buildPhases = (
				DFAC8386311161EEA173CB11 /* [CP] Check Pods Manifest.lock */,
				08B0ED2A2988521C00F24DA3 /* Sources */,
				08B0ED2B2988521C00F24DA3 /* Frameworks */,
				08B0ED2C2988521C00F24DA3 /* Resources */,
				22424F53FFAA27651F085808 /* [CP] Embed Pods Frameworks */,
				B5A90FBDDFA21586450D6EDE /* [CP] Copy Pods Resources */,
			);
			buildRules = (
			);
			dependencies = (
			);
			name = test;
			productName = test;
			productReference = 08B0ED2E2988521C00F24DA3 /* test.app */;
			productType = "com.apple.product-type.application";
		};
		08B0ED432988521D00F24DA3 /* testTests */ = {
			isa = PBXNativeTarget;
			buildConfigurationList = 08B0ED5B2988521D00F24DA3 /* Build configuration list for PBXNativeTarget "testTests" */;
			buildPhases = (
				7FEAB7D22ABD117F4327D7A1 /* [CP] Check Pods Manifest.lock */,
				08B0ED402988521D00F24DA3 /* Sources */,
				08B0ED412988521D00F24DA3 /* Frameworks */,
				08B0ED422988521D00F24DA3 /* Resources */,
			);
			buildRules = (
			);
			dependencies = (
				08B0ED462988521D00F24DA3 /* PBXTargetDependency */,
			);
			name = testTests;
			productName = testTests;
			productReference = 08B0ED442988521D00F24DA3 /* testTests.xctest */;
			productType = "com.apple.product-type.bundle.unit-test";
		};
		08B0ED4D2988521D00F24DA3 /* testUITests */ = {
			isa = PBXNativeTarget;
			buildConfigurationList = 08B0ED5E2988521D00F24DA3 /* Build configuration list for PBXNativeTarget "testUITests" */;
			buildPhases = (
				566FA84463973DFAA3FF9A0C /* [CP] Check Pods Manifest.lock */,
				08B0ED4A2988521D00F24DA3 /* Sources */,
				08B0ED4B2988521D00F24DA3 /* Frameworks */,
				08B0ED4C2988521D00F24DA3 /* Resources */,
				83248DA3BC039749AB9350C5 /* [CP] Embed Pods Frameworks */,
				5B3ADFB8E10B22A95A498027 /* [CP] Copy Pods Resources */,
			);
			buildRules = (
			);
			dependencies = (
				08B0ED502988521D00F24DA3 /* PBXTargetDependency */,
			);
			name = testUITests;
			productName = testUITests;
			productReference = 08B0ED4E2988521D00F24DA3 /* testUITests.xctest */;
			productType = "com.apple.product-type.bundle.ui-testing";
		};
/* End PBXNativeTarget section */

/* Begin PBXProject section */
		08B0ED262988521C00F24DA3 /* Project object */ = {
			isa = PBXProject;
			attributes = {
				BuildIndependentTargetsInParallel = 1;
				LastSwiftUpdateCheck = 1420;
				LastUpgradeCheck = 1420;
				TargetAttributes = {
					08B0ED2D2988521C00F24DA3 = {
						CreatedOnToolsVersion = 14.2;
					};
					08B0ED432988521D00F24DA3 = {
						CreatedOnToolsVersion = 14.2;
						TestTargetID = 08B0ED2D2988521C00F24DA3;
					};
					08B0ED4D2988521D00F24DA3 = {
						CreatedOnToolsVersion = 14.2;
						TestTargetID = 08B0ED2D2988521C00F24DA3;
					};
				};
			};
			buildConfigurationList = 08B0ED292988521C00F24DA3 /* Build configuration list for PBXProject "test" */;
			compatibilityVersion = "Xcode 14.0";
			developmentRegion = en;
			hasScannedForEncodings = 0;
			knownRegions = (
				en,
				Base,
			);
			mainGroup = 08B0ED252988521C00F24DA3;
			productRefGroup = 08B0ED2F2988521C00F24DA3 /* Products */;
			projectDirPath = "";
			projectRoot = "";
			targets = (
				08B0ED2D2988521C00F24DA3 /* test */,
				08B0ED432988521D00F24DA3 /* testTests */,
				08B0ED4D2988521D00F24DA3 /* testUITests */,
			);
		};
/* End PBXProject section */

/* Begin PBXResourcesBuildPhase section */
		08B0ED2C2988521C00F24DA3 /* Resources */ = {
			isa = PBXResourcesBuildPhase;
			buildActionMask = 2147483647;
			files = (
				08B0ED3E2988521D00F24DA3 /* LaunchScreen.storyboard in Resources */,
				08B0ED64298869FA00F24DA3 /* template.docx in Resources */,
				08B0ED3B2988521D00F24DA3 /* Assets.xcassets in Resources */,
				BE0F15FD2AF3E6F200082AEF /* peppers.jpg in Resources */,
				BE0F15F72AF1608700082AEF /* Arial.ttf in Resources */,
				08B0ED392988521C00F24DA3 /* Main.storyboard in Resources */,
			);
			runOnlyForDeploymentPostprocessing = 0;
		};
		08B0ED422988521D00F24DA3 /* Resources */ = {
			isa = PBXResourcesBuildPhase;
			buildActionMask = 2147483647;
			files = (
			);
			runOnlyForDeploymentPostprocessing = 0;
		};
		08B0ED4C2988521D00F24DA3 /* Resources */ = {
			isa = PBXResourcesBuildPhase;
			buildActionMask = 2147483647;
			files = (
			);
			runOnlyForDeploymentPostprocessing = 0;
		};
/* End PBXResourcesBuildPhase section */

/* Begin PBXShellScriptBuildPhase section */
		22424F53FFAA27651F085808 /* [CP] Embed Pods Frameworks */ = {
			isa = PBXShellScriptBuildPhase;
			buildActionMask = 2147483647;
			files = (
			);
			inputFileListPaths = (
				"${PODS_ROOT}/Target Support Files/Pods-test/Pods-test-frameworks-${CONFIGURATION}-input-files.xcfilelist",
			);
			name = "[CP] Embed Pods Frameworks";
			outputFileListPaths = (
				"${PODS_ROOT}/Target Support Files/Pods-test/Pods-test-frameworks-${CONFIGURATION}-output-files.xcfilelist",
			);
			runOnlyForDeploymentPostprocessing = 0;
			shellPath = /bin/sh;
			shellScript = "\"${PODS_ROOT}/Target Support Files/Pods-test/Pods-test-frameworks.sh\"\n";
			showEnvVarsInLog = 0;
		};
		566FA84463973DFAA3FF9A0C /* [CP] Check Pods Manifest.lock */ = {
			isa = PBXShellScriptBuildPhase;
			buildActionMask = 2147483647;
			files = (
			);
			inputFileListPaths = (
			);
			inputPaths = (
				"${PODS_PODFILE_DIR_PATH}/Podfile.lock",
				"${PODS_ROOT}/Manifest.lock",
			);
			name = "[CP] Check Pods Manifest.lock";
			outputFileListPaths = (
			);
			outputPaths = (
				"$(DERIVED_FILE_DIR)/Pods-test-testUITests-checkManifestLockResult.txt",
			);
			runOnlyForDeploymentPostprocessing = 0;
			shellPath = /bin/sh;
			shellScript = "diff \"${PODS_PODFILE_DIR_PATH}/Podfile.lock\" \"${PODS_ROOT}/Manifest.lock\" > /dev/null\nif [ $? != 0 ] ; then\n    # print error to STDERR\n    echo \"error: The sandbox is not in sync with the Podfile.lock. Run 'pod install' or update your CocoaPods installation.\" >&2\n    exit 1\nfi\n# This output is used by Xcode 'outputs' to avoid re-running this script phase.\necho \"SUCCESS\" > \"${SCRIPT_OUTPUT_FILE_0}\"\n";
			showEnvVarsInLog = 0;
		};
		5B3ADFB8E10B22A95A498027 /* [CP] Copy Pods Resources */ = {
			isa = PBXShellScriptBuildPhase;
			buildActionMask = 2147483647;
			files = (
			);
			inputFileListPaths = (
				"${PODS_ROOT}/Target Support Files/Pods-test-testUITests/Pods-test-testUITests-resources-${CONFIGURATION}-input-files.xcfilelist",
			);
			name = "[CP] Copy Pods Resources";
			outputFileListPaths = (
				"${PODS_ROOT}/Target Support Files/Pods-test-testUITests/Pods-test-testUITests-resources-${CONFIGURATION}-output-files.xcfilelist",
			);
			runOnlyForDeploymentPostprocessing = 0;
			shellPath = /bin/sh;
			shellScript = "\"${PODS_ROOT}/Target Support Files/Pods-test-testUITests/Pods-test-testUITests-resources.sh\"\n";
			showEnvVarsInLog = 0;
		};
		7FEAB7D22ABD117F4327D7A1 /* [CP] Check Pods Manifest.lock */ = {
			isa = PBXShellScriptBuildPhase;
			buildActionMask = 2147483647;
			files = (
			);
			inputFileListPaths = (
			);
			inputPaths = (
				"${PODS_PODFILE_DIR_PATH}/Podfile.lock",
				"${PODS_ROOT}/Manifest.lock",
			);
			name = "[CP] Check Pods Manifest.lock";
			outputFileListPaths = (
			);
			outputPaths = (
				"$(DERIVED_FILE_DIR)/Pods-testTests-checkManifestLockResult.txt",
			);
			runOnlyForDeploymentPostprocessing = 0;
			shellPath = /bin/sh;
			shellScript = "diff \"${PODS_PODFILE_DIR_PATH}/Podfile.lock\" \"${PODS_ROOT}/Manifest.lock\" > /dev/null\nif [ $? != 0 ] ; then\n    # print error to STDERR\n    echo \"error: The sandbox is not in sync with the Podfile.lock. Run 'pod install' or update your CocoaPods installation.\" >&2\n    exit 1\nfi\n# This output is used by Xcode 'outputs' to avoid re-running this script phase.\necho \"SUCCESS\" > \"${SCRIPT_OUTPUT_FILE_0}\"\n";
			showEnvVarsInLog = 0;
		};
		83248DA3BC039749AB9350C5 /* [CP] Embed Pods Frameworks */ = {
			isa = PBXShellScriptBuildPhase;
			buildActionMask = 2147483647;
			files = (
			);
			inputFileListPaths = (
				"${PODS_ROOT}/Target Support Files/Pods-test-testUITests/Pods-test-testUITests-frameworks-${CONFIGURATION}-input-files.xcfilelist",
			);
			name = "[CP] Embed Pods Frameworks";
			outputFileListPaths = (
				"${PODS_ROOT}/Target Support Files/Pods-test-testUITests/Pods-test-testUITests-frameworks-${CONFIGURATION}-output-files.xcfilelist",
			);
			runOnlyForDeploymentPostprocessing = 0;
			shellPath = /bin/sh;
			shellScript = "\"${PODS_ROOT}/Target Support Files/Pods-test-testUITests/Pods-test-testUITests-frameworks.sh\"\n";
			showEnvVarsInLog = 0;
		};
		B5A90FBDDFA21586450D6EDE /* [CP] Copy Pods Resources */ = {
			isa = PBXShellScriptBuildPhase;
			buildActionMask = 2147483647;
			files = (
			);
			inputFileListPaths = (
				"${PODS_ROOT}/Target Support Files/Pods-test/Pods-test-resources-${CONFIGURATION}-input-files.xcfilelist",
			);
			name = "[CP] Copy Pods Resources";
			outputFileListPaths = (
				"${PODS_ROOT}/Target Support Files/Pods-test/Pods-test-resources-${CONFIGURATION}-output-files.xcfilelist",
			);
			runOnlyForDeploymentPostprocessing = 0;
			shellPath = /bin/sh;
			shellScript = "\"${PODS_ROOT}/Target Support Files/Pods-test/Pods-test-resources.sh\"\n";
			showEnvVarsInLog = 0;
		};
		DFAC8386311161EEA173CB11 /* [CP] Check Pods Manifest.lock */ = {
			isa = PBXShellScriptBuildPhase;
			buildActionMask = 2147483647;
			files = (
			);
			inputFileListPaths = (
			);
			inputPaths = (
				"${PODS_PODFILE_DIR_PATH}/Podfile.lock",
				"${PODS_ROOT}/Manifest.lock",
			);
			name = "[CP] Check Pods Manifest.lock";
			outputFileListPaths = (
			);
			outputPaths = (
				"$(DERIVED_FILE_DIR)/Pods-test-checkManifestLockResult.txt",
			);
			runOnlyForDeploymentPostprocessing = 0;
			shellPath = /bin/sh;
			shellScript = "diff \"${PODS_PODFILE_DIR_PATH}/Podfile.lock\" \"${PODS_ROOT}/Manifest.lock\" > /dev/null\nif [ $? != 0 ] ; then\n    # print error to STDERR\n    echo \"error: The sandbox is not in sync with the Podfile.lock. Run 'pod install' or update your CocoaPods installation.\" >&2\n    exit 1\nfi\n# This output is used by Xcode 'outputs' to avoid re-running this script phase.\necho \"SUCCESS\" > \"${SCRIPT_OUTPUT_FILE_0}\"\n";
			showEnvVarsInLog = 0;
		};
/* End PBXShellScriptBuildPhase section */

/* Begin PBXSourcesBuildPhase section */
		08B0ED2A2988521C00F24DA3 /* Sources */ = {
			isa = PBXSourcesBuildPhase;
			buildActionMask = 2147483647;
			files = (
				08B0ED362988521C00F24DA3 /* ViewController.swift in Sources */,
				BE4683C92B0E9540001C699F /* CrashingPdfTronService.swift in Sources */,
				08B0ED322988521C00F24DA3 /* AppDelegate.swift in Sources */,
				08B0ED342988521C00F24DA3 /* SceneDelegate.swift in Sources */,
			);
			runOnlyForDeploymentPostprocessing = 0;
		};
		08B0ED402988521D00F24DA3 /* Sources */ = {
			isa = PBXSourcesBuildPhase;
			buildActionMask = 2147483647;
			files = (
				08B0ED492988521D00F24DA3 /* testTests.swift in Sources */,
			);
			runOnlyForDeploymentPostprocessing = 0;
		};
		08B0ED4A2988521D00F24DA3 /* Sources */ = {
			isa = PBXSourcesBuildPhase;
			buildActionMask = 2147483647;
			files = (
				08B0ED552988521D00F24DA3 /* testUITestsLaunchTests.swift in Sources */,
				08B0ED532988521D00F24DA3 /* testUITests.swift in Sources */,
			);
			runOnlyForDeploymentPostprocessing = 0;
		};
/* End PBXSourcesBuildPhase section */

/* Begin PBXTargetDependency section */
		08B0ED462988521D00F24DA3 /* PBXTargetDependency */ = {
			isa = PBXTargetDependency;
			target = 08B0ED2D2988521C00F24DA3 /* test */;
			targetProxy = 08B0ED452988521D00F24DA3 /* PBXContainerItemProxy */;
		};
		08B0ED502988521D00F24DA3 /* PBXTargetDependency */ = {
			isa = PBXTargetDependency;
			target = 08B0ED2D2988521C00F24DA3 /* test */;
			targetProxy = 08B0ED4F2988521D00F24DA3 /* PBXContainerItemProxy */;
		};
/* End PBXTargetDependency section */

/* Begin PBXVariantGroup section */
		08B0ED372988521C00F24DA3 /* Main.storyboard */ = {
			isa = PBXVariantGroup;
			children = (
				08B0ED382988521C00F24DA3 /* Base */,
			);
			name = Main.storyboard;
			sourceTree = "<group>";
		};
		08B0ED3C2988521D00F24DA3 /* LaunchScreen.storyboard */ = {
			isa = PBXVariantGroup;
			children = (
				08B0ED3D2988521D00F24DA3 /* Base */,
			);
			name = LaunchScreen.storyboard;
			sourceTree = "<group>";
		};
		BE0F15F92AF1608700082AEF /* Arial.ttf */ = {
			isa = PBXVariantGroup;
			children = (
				BE0F15F82AF1608700082AEF /* en */,
			);
			name = Arial.ttf;
			sourceTree = "<group>";
		};
/* End PBXVariantGroup section */

/* Begin XCBuildConfiguration section */
		08B0ED562988521D00F24DA3 /* Debug */ = {
			isa = XCBuildConfiguration;
			buildSettings = {
				ALWAYS_SEARCH_USER_PATHS = NO;
				CLANG_ANALYZER_NONNULL = YES;
				CLANG_ANALYZER_NUMBER_OBJECT_CONVERSION = YES_AGGRESSIVE;
				CLANG_CXX_LANGUAGE_STANDARD = "gnu++20";
				CLANG_ENABLE_MODULES = YES;
				CLANG_ENABLE_OBJC_ARC = YES;
				CLANG_ENABLE_OBJC_WEAK = YES;
				CLANG_WARN_BLOCK_CAPTURE_AUTORELEASING = YES;
				CLANG_WARN_BOOL_CONVERSION = YES;
				CLANG_WARN_COMMA = YES;
				CLANG_WARN_CONSTANT_CONVERSION = YES;
				CLANG_WARN_DEPRECATED_OBJC_IMPLEMENTATIONS = YES;
				CLANG_WARN_DIRECT_OBJC_ISA_USAGE = YES_ERROR;
				CLANG_WARN_DOCUMENTATION_COMMENTS = YES;
				CLANG_WARN_EMPTY_BODY = YES;
				CLANG_WARN_ENUM_CONVERSION = YES;
				CLANG_WARN_INFINITE_RECURSION = YES;
				CLANG_WARN_INT_CONVERSION = YES;
				CLANG_WARN_NON_LITERAL_NULL_CONVERSION = YES;
				CLANG_WARN_OBJC_IMPLICIT_RETAIN_SELF = YES;
				CLANG_WARN_OBJC_LITERAL_CONVERSION = YES;
				CLANG_WARN_OBJC_ROOT_CLASS = YES_ERROR;
				CLANG_WARN_QUOTED_INCLUDE_IN_FRAMEWORK_HEADER = YES;
				CLANG_WARN_RANGE_LOOP_ANALYSIS = YES;
				CLANG_WARN_STRICT_PROTOTYPES = YES;
				CLANG_WARN_SUSPICIOUS_MOVE = YES;
				CLANG_WARN_UNGUARDED_AVAILABILITY = YES_AGGRESSIVE;
				CLANG_WARN_UNREACHABLE_CODE = YES;
				CLANG_WARN__DUPLICATE_METHOD_MATCH = YES;
				COPY_PHASE_STRIP = NO;
				DEBUG_INFORMATION_FORMAT = dwarf;
				ENABLE_STRICT_OBJC_MSGSEND = YES;
				ENABLE_TESTABILITY = YES;
				GCC_C_LANGUAGE_STANDARD = gnu11;
				GCC_DYNAMIC_NO_PIC = NO;
				GCC_NO_COMMON_BLOCKS = YES;
				GCC_OPTIMIZATION_LEVEL = 0;
				GCC_PREPROCESSOR_DEFINITIONS = (
					"DEBUG=1",
					"$(inherited)",
				);
				GCC_WARN_64_TO_32_BIT_CONVERSION = YES;
				GCC_WARN_ABOUT_RETURN_TYPE = YES_ERROR;
				GCC_WARN_UNDECLARED_SELECTOR = YES;
				GCC_WARN_UNINITIALIZED_AUTOS = YES_AGGRESSIVE;
				GCC_WARN_UNUSED_FUNCTION = YES;
				GCC_WARN_UNUSED_VARIABLE = YES;
				IPHONEOS_DEPLOYMENT_TARGET = 16.2;
				MTL_ENABLE_DEBUG_INFO = INCLUDE_SOURCE;
				MTL_FAST_MATH = YES;
				ONLY_ACTIVE_ARCH = YES;
				SDKROOT = iphoneos;
				SWIFT_ACTIVE_COMPILATION_CONDITIONS = DEBUG;
				SWIFT_OPTIMIZATION_LEVEL = "-Onone";
			};
			name = Debug;
		};
		08B0ED572988521D00F24DA3 /* Release */ = {
			isa = XCBuildConfiguration;
			buildSettings = {
				ALWAYS_SEARCH_USER_PATHS = NO;
				CLANG_ANALYZER_NONNULL = YES;
				CLANG_ANALYZER_NUMBER_OBJECT_CONVERSION = YES_AGGRESSIVE;
				CLANG_CXX_LANGUAGE_STANDARD = "gnu++20";
				CLANG_ENABLE_MODULES = YES;
				CLANG_ENABLE_OBJC_ARC = YES;
				CLANG_ENABLE_OBJC_WEAK = YES;
				CLANG_WARN_BLOCK_CAPTURE_AUTORELEASING = YES;
				CLANG_WARN_BOOL_CONVERSION = YES;
				CLANG_WARN_COMMA = YES;
				CLANG_WARN_CONSTANT_CONVERSION = YES;
				CLANG_WARN_DEPRECATED_OBJC_IMPLEMENTATIONS = YES;
				CLANG_WARN_DIRECT_OBJC_ISA_USAGE = YES_ERROR;
				CLANG_WARN_DOCUMENTATION_COMMENTS = YES;
				CLANG_WARN_EMPTY_BODY = YES;
				CLANG_WARN_ENUM_CONVERSION = YES;
				CLANG_WARN_INFINITE_RECURSION = YES;
				CLANG_WARN_INT_CONVERSION = YES;
				CLANG_WARN_NON_LITERAL_NULL_CONVERSION = YES;
				CLANG_WARN_OBJC_IMPLICIT_RETAIN_SELF = YES;
				CLANG_WARN_OBJC_LITERAL_CONVERSION = YES;
				CLANG_WARN_OBJC_ROOT_CLASS = YES_ERROR;
				CLANG_WARN_QUOTED_INCLUDE_IN_FRAMEWORK_HEADER = YES;
				CLANG_WARN_RANGE_LOOP_ANALYSIS = YES;
				CLANG_WARN_STRICT_PROTOTYPES = YES;
				CLANG_WARN_SUSPICIOUS_MOVE = YES;
				CLANG_WARN_UNGUARDED_AVAILABILITY = YES_AGGRESSIVE;
				CLANG_WARN_UNREACHABLE_CODE = YES;
				CLANG_WARN__DUPLICATE_METHOD_MATCH = YES;
				COPY_PHASE_STRIP = NO;
				DEBUG_INFORMATION_FORMAT = "dwarf-with-dsym";
				ENABLE_NS_ASSERTIONS = NO;
				ENABLE_STRICT_OBJC_MSGSEND = YES;
				GCC_C_LANGUAGE_STANDARD = gnu11;
				GCC_NO_COMMON_BLOCKS = YES;
				GCC_WARN_64_TO_32_BIT_CONVERSION = YES;
				GCC_WARN_ABOUT_RETURN_TYPE = YES_ERROR;
				GCC_WARN_UNDECLARED_SELECTOR = YES;
				GCC_WARN_UNINITIALIZED_AUTOS = YES_AGGRESSIVE;
				GCC_WARN_UNUSED_FUNCTION = YES;
				GCC_WARN_UNUSED_VARIABLE = YES;
				IPHONEOS_DEPLOYMENT_TARGET = 16.2;
				MTL_ENABLE_DEBUG_INFO = NO;
				MTL_FAST_MATH = YES;
				SDKROOT = iphoneos;
				SWIFT_COMPILATION_MODE = wholemodule;
				SWIFT_OPTIMIZATION_LEVEL = "-O";
				VALIDATE_PRODUCT = YES;
			};
			name = Release;
		};
		08B0ED592988521D00F24DA3 /* Debug */ = {
			isa = XCBuildConfiguration;
			baseConfigurationReference = 50C784B0C7D9372677B23B61 /* Pods-test.debug.xcconfig */;
			buildSettings = {
				ASSETCATALOG_COMPILER_APPICON_NAME = AppIcon;
				ASSETCATALOG_COMPILER_GLOBAL_ACCENT_COLOR_NAME = AccentColor;
				CODE_SIGN_STYLE = Automatic;
				CURRENT_PROJECT_VERSION = 1;
				DEVELOPMENT_TEAM = JKJ3G253D9;
				GENERATE_INFOPLIST_FILE = YES;
				INFOPLIST_FILE = test/Info.plist;
				INFOPLIST_KEY_UIApplicationSupportsIndirectInputEvents = YES;
				INFOPLIST_KEY_UILaunchStoryboardName = LaunchScreen;
				INFOPLIST_KEY_UIMainStoryboardFile = Main;
				INFOPLIST_KEY_UISupportedInterfaceOrientations_iPad = "UIInterfaceOrientationPortrait UIInterfaceOrientationPortraitUpsideDown UIInterfaceOrientationLandscapeLeft UIInterfaceOrientationLandscapeRight";
				INFOPLIST_KEY_UISupportedInterfaceOrientations_iPhone = "UIInterfaceOrientationPortrait UIInterfaceOrientationLandscapeLeft UIInterfaceOrientationLandscapeRight";
				LD_RUNPATH_SEARCH_PATHS = (
					"$(inherited)",
					"@executable_path/Frameworks",
				);
				MARKETING_VERSION = 1.0;
				PRODUCT_BUNDLE_IDENTIFIER = com.westshorehome.temp.wsh.test;
				PRODUCT_NAME = "$(TARGET_NAME)";
				SWIFT_EMIT_LOC_STRINGS = YES;
				SWIFT_VERSION = 5.0;
				TARGETED_DEVICE_FAMILY = "1,2";
			};
			name = Debug;
		};
		08B0ED5A2988521D00F24DA3 /* Release */ = {
			isa = XCBuildConfiguration;
			baseConfigurationReference = 44CAD2CE87A13397B80AE206 /* Pods-test.release.xcconfig */;
			buildSettings = {
				ASSETCATALOG_COMPILER_APPICON_NAME = AppIcon;
				ASSETCATALOG_COMPILER_GLOBAL_ACCENT_COLOR_NAME = AccentColor;
				CODE_SIGN_STYLE = Automatic;
				CURRENT_PROJECT_VERSION = 1;
				DEVELOPMENT_TEAM = JKJ3G253D9;
				GENERATE_INFOPLIST_FILE = YES;
				INFOPLIST_FILE = test/Info.plist;
				INFOPLIST_KEY_UIApplicationSupportsIndirectInputEvents = YES;
				INFOPLIST_KEY_UILaunchStoryboardName = LaunchScreen;
				INFOPLIST_KEY_UIMainStoryboardFile = Main;
				INFOPLIST_KEY_UISupportedInterfaceOrientations_iPad = "UIInterfaceOrientationPortrait UIInterfaceOrientationPortraitUpsideDown UIInterfaceOrientationLandscapeLeft UIInterfaceOrientationLandscapeRight";
				INFOPLIST_KEY_UISupportedInterfaceOrientations_iPhone = "UIInterfaceOrientationPortrait UIInterfaceOrientationLandscapeLeft UIInterfaceOrientationLandscapeRight";
				LD_RUNPATH_SEARCH_PATHS = (
					"$(inherited)",
					"@executable_path/Frameworks",
				);
				MARKETING_VERSION = 1.0;
				PRODUCT_BUNDLE_IDENTIFIER = com.westshorehome.temp.wsh.test;
				PRODUCT_NAME = "$(TARGET_NAME)";
				SWIFT_EMIT_LOC_STRINGS = YES;
				SWIFT_VERSION = 5.0;
				TARGETED_DEVICE_FAMILY = "1,2";
			};
			name = Release;
		};
		08B0ED5C2988521D00F24DA3 /* Debug */ = {
			isa = XCBuildConfiguration;
			baseConfigurationReference = 8C74F33284E3CCD7FE06894F /* Pods-testTests.debug.xcconfig */;
			buildSettings = {
				ALWAYS_EMBED_SWIFT_STANDARD_LIBRARIES = YES;
				BUNDLE_LOADER = "$(TEST_HOST)";
				CODE_SIGN_STYLE = Automatic;
				CURRENT_PROJECT_VERSION = 1;
				DEVELOPMENT_TEAM = JKJ3G253D9;
				GENERATE_INFOPLIST_FILE = YES;
				IPHONEOS_DEPLOYMENT_TARGET = 16.2;
				MARKETING_VERSION = 1.0;
				PRODUCT_BUNDLE_IDENTIFIER = com.westshorehome.temp.wsh.testTests;
				PRODUCT_NAME = "$(TARGET_NAME)";
				SWIFT_EMIT_LOC_STRINGS = NO;
				SWIFT_VERSION = 5.0;
				TARGETED_DEVICE_FAMILY = "1,2";
				TEST_HOST = "$(BUILT_PRODUCTS_DIR)/test.app/$(BUNDLE_EXECUTABLE_FOLDER_PATH)/test";
			};
			name = Debug;
		};
		08B0ED5D2988521D00F24DA3 /* Release */ = {
			isa = XCBuildConfiguration;
			baseConfigurationReference = BB6FCD3071C0E99B5B913AA3 /* Pods-testTests.release.xcconfig */;
			buildSettings = {
				ALWAYS_EMBED_SWIFT_STANDARD_LIBRARIES = YES;
				BUNDLE_LOADER = "$(TEST_HOST)";
				CODE_SIGN_STYLE = Automatic;
				CURRENT_PROJECT_VERSION = 1;
				DEVELOPMENT_TEAM = JKJ3G253D9;
				GENERATE_INFOPLIST_FILE = YES;
				IPHONEOS_DEPLOYMENT_TARGET = 16.2;
				MARKETING_VERSION = 1.0;
				PRODUCT_BUNDLE_IDENTIFIER = com.westshorehome.temp.wsh.testTests;
				PRODUCT_NAME = "$(TARGET_NAME)";
				SWIFT_EMIT_LOC_STRINGS = NO;
				SWIFT_VERSION = 5.0;
				TARGETED_DEVICE_FAMILY = "1,2";
				TEST_HOST = "$(BUILT_PRODUCTS_DIR)/test.app/$(BUNDLE_EXECUTABLE_FOLDER_PATH)/test";
			};
			name = Release;
		};
		08B0ED5F2988521D00F24DA3 /* Debug */ = {
			isa = XCBuildConfiguration;
			baseConfigurationReference = 72E6E1BA2DF9A8FC2AA4760E /* Pods-test-testUITests.debug.xcconfig */;
			buildSettings = {
				ALWAYS_EMBED_SWIFT_STANDARD_LIBRARIES = YES;
				CODE_SIGN_STYLE = Automatic;
				CURRENT_PROJECT_VERSION = 1;
				DEVELOPMENT_TEAM = JKJ3G253D9;
				GENERATE_INFOPLIST_FILE = YES;
				MARKETING_VERSION = 1.0;
				PRODUCT_BUNDLE_IDENTIFIER = com.westshorehome.temp.wsh.testUITests;
				PRODUCT_NAME = "$(TARGET_NAME)";
				SWIFT_EMIT_LOC_STRINGS = NO;
				SWIFT_VERSION = 5.0;
				TARGETED_DEVICE_FAMILY = "1,2";
				TEST_TARGET_NAME = test;
			};
			name = Debug;
		};
		08B0ED602988521D00F24DA3 /* Release */ = {
			isa = XCBuildConfiguration;
			baseConfigurationReference = 3BF78ED809F2F39F60E6AE99 /* Pods-test-testUITests.release.xcconfig */;
			buildSettings = {
				ALWAYS_EMBED_SWIFT_STANDARD_LIBRARIES = YES;
				CODE_SIGN_STYLE = Automatic;
				CURRENT_PROJECT_VERSION = 1;
				DEVELOPMENT_TEAM = JKJ3G253D9;
				GENERATE_INFOPLIST_FILE = YES;
				MARKETING_VERSION = 1.0;
				PRODUCT_BUNDLE_IDENTIFIER = com.westshorehome.temp.wsh.testUITests;
				PRODUCT_NAME = "$(TARGET_NAME)";
				SWIFT_EMIT_LOC_STRINGS = NO;
				SWIFT_VERSION = 5.0;
				TARGETED_DEVICE_FAMILY = "1,2";
				TEST_TARGET_NAME = test;
			};
			name = Release;
		};
/* End XCBuildConfiguration section */

/* Begin XCConfigurationList section */
		08B0ED292988521C00F24DA3 /* Build configuration list for PBXProject "test" */ = {
			isa = XCConfigurationList;
			buildConfigurations = (
				08B0ED562988521D00F24DA3 /* Debug */,
				08B0ED572988521D00F24DA3 /* Release */,
			);
			defaultConfigurationIsVisible = 0;
			defaultConfigurationName = Release;
		};
		08B0ED582988521D00F24DA3 /* Build configuration list for PBXNativeTarget "test" */ = {
			isa = XCConfigurationList;
			buildConfigurations = (
				08B0ED592988521D00F24DA3 /* Debug */,
				08B0ED5A2988521D00F24DA3 /* Release */,
			);
			defaultConfigurationIsVisible = 0;
			defaultConfigurationName = Release;
		};
		08B0ED5B2988521D00F24DA3 /* Build configuration list for PBXNativeTarget "testTests" */ = {
			isa = XCConfigurationList;
			buildConfigurations = (
				08B0ED5C2988521D00F24DA3 /* Debug */,
				08B0ED5D2988521D00F24DA3 /* Release */,
			);
			defaultConfigurationIsVisible = 0;
			defaultConfigurationName = Release;
		};
		08B0ED5E2988521D00F24DA3 /* Build configuration list for PBXNativeTarget "testUITests" */ = {
			isa = XCConfigurationList;
			buildConfigurations = (
				08B0ED5F2988521D00F24DA3 /* Debug */,
				08B0ED602988521D00F24DA3 /* Release */,
			);
			defaultConfigurationIsVisible = 0;
			defaultConfigurationName = Release;
		};
/* End XCConfigurationList section */
	};
	rootObject = 08B0ED262988521C00F24DA3 /* Project object */;
}
